
Microsoft Visual Studio Solution File, Format Version 12.00
Project("{FAE04EC0-301F-11D3-BF4B-00C04F79EFBC}") = "AspNet8-WebApi-GlobalExceptionHandler", "AspNet8-WebApi-GlobalExceptionHandler\AspNet8-WebApi-GlobalExceptionHandler.csproj", "{05A7D9F9-3667-43A7-9DAF-B0EF286DE380}"
EndProject
Global
	GlobalSection(SolutionConfigurationPlatforms) = preSolution
		Debug|Any CPU = Debug|Any CPU
		Release|Any CPU = Release|Any CPU
	EndGlobalSection
	GlobalSection(ProjectConfigurationPlatforms) = postSolution
		{05A7D9F9-3667-43A7-9DAF-B0EF286DE380}.Debug|Any CPU.ActiveCfg = Debug|Any CPU
		{05A7D9F9-3667-43A7-9DAF-B0EF286DE380}.Debug|Any CPU.Build.0 = Debug|Any CPU
		{05A7D9F9-3667-43A7-9DAF-B0EF286DE380}.Release|Any CPU.ActiveCfg = Release|Any CPU
		{05A7D9F9-3667-43A7-9DAF-B0EF286DE380}.Release|Any CPU.Build.0 = Release|Any CPU
	EndGlobalSection
EndGlobal
